
Microsoft Visual Studio Solution File, Format Version 12.00
# Visual Studio Version 17
VisualStudioVersion = 17.1.32228.430
MinimumVisualStudioVersion = 10.0.40219.1
Project("{FAE04EC0-301F-11D3-BF4B-00C04F79EFBC}") = "ResmiYazisma", "ResmiYazisma\ResmiYazisma.csproj", "{36AEFA8B-B1B6-46DA-A093-166D2C32304C}"
EndProject
Global
	GlobalSection(SolutionConfigurationPlatforms) = preSolution
		Debug|Any CPU = Debug|Any CPU
		Release|Any CPU = Release|Any CPU
	EndGlobalSection
	GlobalSection(ProjectConfigurationPlatforms) = postSolution
		{36AEFA8B-B1B6-46DA-A093-166D2C32304C}.Debug|Any CPU.ActiveCfg = Debug|Any CPU
		{36AEFA8B-B1B6-46DA-A093-166D2C32304C}.Debug|Any CPU.Build.0 = Debug|Any CPU
		{36AEFA8B-B1B6-46DA-A093-166D2C32304C}.Release|Any CPU.ActiveCfg = Release|Any CPU
		{36AEFA8B-B1B6-46DA-A093-166D2C32304C}.Release|Any CPU.Build.0 = Release|Any CPU
	EndGlobalSection
	GlobalSection(SolutionProperties) = preSolution
		HideSolutionNode = FALSE
	EndGlobalSection
	GlobalSection(ExtensibilityGlobals) = postSolution
		SolutionGuid = {0ADCAE9F-C81E-4420-B9DC-708D25567F83}
	EndGlobalSection
EndGlobal
